
Microsoft Visual Studio Solution File, Format Version 12.00
# Visual Studio Version 16
VisualStudioVersion = 16.0.31205.134
MinimumVisualStudioVersion = 10.0.40219.1
Project("{FAE04EC0-301F-11D3-BF4B-00C04F79EFBC}") = "Aula43Exercicos", "Aula43Exercicos.csproj", "{15C17475-A408-494F-BC05-5FD7DBADFF9F}"
EndProject
Global
	GlobalSection(SolutionConfigurationPlatforms) = preSolution
		Debug|Any CPU = Debug|Any CPU
		Release|Any CPU = Release|Any CPU
	EndGlobalSection
	GlobalSection(ProjectConfigurationPlatforms) = postSolution
		{15C17475-A408-494F-BC05-5FD7DBADFF9F}.Debug|Any CPU.ActiveCfg = Debug|Any CPU
		{15C17475-A408-494F-BC05-5FD7DBADFF9F}.Debug|Any CPU.Build.0 = Debug|Any CPU
		{15C17475-A408-494F-BC05-5FD7DBADFF9F}.Release|Any CPU.ActiveCfg = Release|Any CPU
		{15C17475-A408-494F-BC05-5FD7DBADFF9F}.Release|Any CPU.Build.0 = Release|Any CPU
	EndGlobalSection
	GlobalSection(SolutionProperties) = preSolution
		HideSolutionNode = FALSE
	EndGlobalSection
	GlobalSection(ExtensibilityGlobals) = postSolution
		SolutionGuid = {3B227474-A494-468D-8B92-85E1241026B4}
	EndGlobalSection
EndGlobal
